
Microsoft Visual Studio Solution File, Format Version 12.00
# Visual Studio Version 17
VisualStudioVersion = 17.3.32929.385
MinimumVisualStudioVersion = 10.0.40219.1
Project("{FAE04EC0-301F-11D3-BF4B-00C04F79EFBC}") = "Dapper ORM", "Dapper ORM\Dapper ORM.csproj", "{1C9E7479-692D-4D8A-84FB-8619410073DF}"
EndProject
Global
	GlobalSection(SolutionConfigurationPlatforms) = preSolution
		Debug|Any CPU = Debug|Any CPU
		Release|Any CPU = Release|Any CPU
	EndGlobalSection
	GlobalSection(ProjectConfigurationPlatforms) = postSolution
		{1C9E7479-692D-4D8A-84FB-8619410073DF}.Debug|Any CPU.ActiveCfg = Debug|Any CPU
		{1C9E7479-692D-4D8A-84FB-8619410073DF}.Debug|Any CPU.Build.0 = Debug|Any CPU
		{1C9E7479-692D-4D8A-84FB-8619410073DF}.Release|Any CPU.ActiveCfg = Release|Any CPU
		{1C9E7479-692D-4D8A-84FB-8619410073DF}.Release|Any CPU.Build.0 = Release|Any CPU
	EndGlobalSection
	GlobalSection(SolutionProperties) = preSolution
		HideSolutionNode = FALSE
	EndGlobalSection
	GlobalSection(ExtensibilityGlobals) = postSolution
		SolutionGuid = {6A311AEA-8141-4A4F-9D9A-8B2205FBDC5B}
	EndGlobalSection
EndGlobal
